<?xml version="1.0" encoding="utf-8"?>
<Project ToolsVersion="4.0" xmlns="http://schemas.microsoft.com/developer/msbuild/2003">
  <ItemGroup>
    <Filter Include="dbg">
      <UniqueIdentifier>{f6df287f-4372-4219-a2e9-b5936c502ac6}</UniqueIdentifier>
    </Filter>
    <Filter Include="dbg\src">
      <UniqueIdentifier>{7445c505-fbd5-4760-a911-0143f8f7a437}</UniqueIdentifier>
    </Filter>
  </ItemGroup>
  <ItemGroup>
    <ClCompile Include="main.cpp" />
    <ClCompile Include="dbg\src\dbg.cpp">
      <Filter>dbg\src</Filter>
    </ClCompile>
    <ClCompile Include="dbg\src\dbgk.cpp">
      <Filter>dbg\src</Filter>
    </ClCompile>
  </ItemGroup>
  <ItemGroup>
    <ClInclude Include="dbg\include.h">
      <Filter>dbg</Filter>
    </ClInclude>
    <ClInclude Include="dbg\src\dbgk.h">
      <Filter>dbg\src</Filter>
    </ClInclude>
  </ItemGroup>
</Project>